
Microsoft Visual Studio Solution File, Format Version 12.00
# Visual Studio Version 17
VisualStudioVersion = 17.14.36109.1 d17.14
MinimumVisualStudioVersion = 10.0.40219.1
Project("{FAE04EC0-301F-11D3-BF4B-00C04F79EFBC}") = "CountPrefixAndSuffixPairsI", "CountPrefixAndSuffixPairsI.csproj", "{37CC78DD-A33A-4B3D-906E-BB29539A825B}"
EndProject
Global
	GlobalSection(SolutionConfigurationPlatforms) = preSolution
		Debug|Any CPU = Debug|Any CPU
		Release|Any CPU = Release|Any CPU
	EndGlobalSection
	GlobalSection(ProjectConfigurationPlatforms) = postSolution
		{37CC78DD-A33A-4B3D-906E-BB29539A825B}.Debug|Any CPU.ActiveCfg = Debug|Any CPU
		{37CC78DD-A33A-4B3D-906E-BB29539A825B}.Debug|Any CPU.Build.0 = Debug|Any CPU
		{37CC78DD-A33A-4B3D-906E-BB29539A825B}.Release|Any CPU.ActiveCfg = Release|Any CPU
		{37CC78DD-A33A-4B3D-906E-BB29539A825B}.Release|Any CPU.Build.0 = Release|Any CPU
	EndGlobalSection
	GlobalSection(SolutionProperties) = preSolution
		HideSolutionNode = FALSE
	EndGlobalSection
	GlobalSection(ExtensibilityGlobals) = postSolution
		SolutionGuid = {5FC795FD-C0AD-4730-A936-F983DBBA7BDE}
	EndGlobalSection
EndGlobal
